{
  "name": "@mason/pyright",
  "version": "1.0.0",
  "lockfileVersion": 1,
  "requires": true,
  "dependencies": {
    "pyright": {
      "version": "1.1.348",
      "resolved": "https://registry.npmjs.org/pyright/-/pyright-1.1.348.tgz",
      "integrity": "sha512-Dezu8jwZLwh9c2JCrXbmOb5BSeuQRM6NdOqN0jpuYpSWH9T8uIyhchkLHdvZ9BjDuUG5QN/4LVtLNbyLQHZ5LQ==",
      "requires": {
        "fsevents": "~2.3.2"
      },
      "dependencies": {
        "fsevents": {
          "version": "2.3.3",
          "resolved": "https://registry.npmjs.org/fsevents/-/fsevents-2.3.3.tgz",
          "integrity": "sha512-5xoDfX+fL7faATnagmWPpbFtwh/R77WmMMqqHGS65C3vvB0YHrgF+B1YmZ3441tMj5n63k0212XNoJwzlhffQw==",
          "optional": true
        }
      }
    }
  }
}
